
Microsoft Visual Studio Solution File, Format Version 12.00
# Visual Studio Version 17
VisualStudioVersion = 17.8.34330.188
MinimumVisualStudioVersion = 10.0.40219.1
Project("{9A19103F-16F7-4668-BE54-9A1E7A4F7556}") = "Product_project", "Product_project\Product_project.csproj", "{2968D7F4-6387-4990-B454-622A37AAF6B7}"
EndProject
Global
	GlobalSection(SolutionConfigurationPlatforms) = preSolution
		Debug|Any CPU = Debug|Any CPU
		Release|Any CPU = Release|Any CPU
	EndGlobalSection
	GlobalSection(ProjectConfigurationPlatforms) = postSolution
		{2968D7F4-6387-4990-B454-622A37AAF6B7}.Debug|Any CPU.ActiveCfg = Debug|Any CPU
		{2968D7F4-6387-4990-B454-622A37AAF6B7}.Debug|Any CPU.Build.0 = Debug|Any CPU
		{2968D7F4-6387-4990-B454-622A37AAF6B7}.Release|Any CPU.ActiveCfg = Release|Any CPU
		{2968D7F4-6387-4990-B454-622A37AAF6B7}.Release|Any CPU.Build.0 = Release|Any CPU
	EndGlobalSection
	GlobalSection(SolutionProperties) = preSolution
		HideSolutionNode = FALSE
	EndGlobalSection
	GlobalSection(ExtensibilityGlobals) = postSolution
		SolutionGuid = {BCD218F2-5CD9-4E53-9141-2F7DDB04EB4B}
	EndGlobalSection
EndGlobal
